
Microsoft Visual Studio Solution File, Format Version 12.00
# Visual Studio Version 17
VisualStudioVersion = 17.14.36203.30 d17.14
MinimumVisualStudioVersion = 10.0.40219.1
Project("{FAE04EC0-301F-11D3-BF4B-00C04F79EFBC}") = "MyPdfParser", "MyPdfParser\MyPdfParser.csproj", "{271E820A-5924-4C99-88A1-BE3F2DC89DBC}"
EndProject
Global
	GlobalSection(SolutionConfigurationPlatforms) = preSolution
		Debug|Any CPU = Debug|Any CPU
		Release|Any CPU = Release|Any CPU
	EndGlobalSection
	GlobalSection(ProjectConfigurationPlatforms) = postSolution
		{271E820A-5924-4C99-88A1-BE3F2DC89DBC}.Debug|Any CPU.ActiveCfg = Debug|Any CPU
		{271E820A-5924-4C99-88A1-BE3F2DC89DBC}.Debug|Any CPU.Build.0 = Debug|Any CPU
		{271E820A-5924-4C99-88A1-BE3F2DC89DBC}.Release|Any CPU.ActiveCfg = Release|Any CPU
		{271E820A-5924-4C99-88A1-BE3F2DC89DBC}.Release|Any CPU.Build.0 = Release|Any CPU
	EndGlobalSection
	GlobalSection(SolutionProperties) = preSolution
		HideSolutionNode = FALSE
	EndGlobalSection
	GlobalSection(ExtensibilityGlobals) = postSolution
		SolutionGuid = {7C1E9ED8-9267-4A54-8E6C-D42862D2C564}
	EndGlobalSection
EndGlobal
